// !$*UTF8*$!
{
	archiveVersion = 1;
	classes = {
	};
	objectVersion = 77;
	objects = {

/* Begin PBXBuildFile section */
		A9C59ED0305F0A84001FC9D6 /* FeatureLogin in Frameworks */ = {isa = PBXBuildFile; productRef = A9C59ECF305F0A84001FC9D6 /* FeatureLogin */; };
		A9CD50AC305C08A400EA0C8D /* DataAuth in Frameworks */ = {isa = PBXBuildFile; productRef = A9CD50AB305C08A400EA0C8D /* DataAuth */; };
		A9CD50B6305C08BD00EA0C8D /* DomainAuth in Frameworks */ = {isa = PBXBuildFile; productRef = A9CD50B5305C08BD00EA0C8D /* DomainAuth */; };
		A9CD516D305C0A2800EA0C8D /* Network in Frameworks */ = {isa = PBXBuildFile; productRef = A9CD516C305C0A2800EA0C8D /* Network */; };
		A9D54606306828ED003E21C7 /* Navigation in Frameworks */ = {isa = PBXBuildFile; productRef = A9D54605306828ED003E21C7 /* Navigation */; };
		A9D5537F30683A33003E21C7 /* featureMain in Frameworks */ = {isa = PBXBuildFile; productRef = A9D5537E30683A33003E21C7 /* featureMain */; };
		A9D5543A30683DB8003E21C7 /* Core in Frameworks */ = {isa = PBXBuildFile; productRef = A9D5543930683DB8003E21C7 /* Core */; };
/* End PBXBuildFile section */

/* Begin PBXFileReference section */
		A9D53FDF30682478003E21C7 /* GithubViewer.app */ = {isa = PBXFileReference; explicitFileType = wrapper.application; includeInIndex = 0; path = GithubViewer.app; sourceTree = BUILT_PRODUCTS_DIR; };
/* End PBXFileReference section */

/* Begin PBXFileSystemSynchronizedRootGroup section */
		A9CD429E305C06D500EA0C8D /* GithubViewer */ = {
			isa = PBXFileSystemSynchronizedRootGroup;
			path = GithubViewer;
			sourceTree = "<group>";
		};
/* End PBXFileSystemSynchronizedRootGroup section */

/* Begin PBXFrameworksBuildPhase section */
		A9CD4299305C06D500EA0C8D /* Frameworks */ = {
			isa = PBXFrameworksBuildPhase;
			buildActionMask = 2147483647;
			files = (
				A9D54606306828ED003E21C7 /* Navigation in Frameworks */,
				A9C59ED0305F0A84001FC9D6 /* FeatureLogin in Frameworks */,
				A9D5543A30683DB8003E21C7 /* Core in Frameworks */,
				A9CD516D305C0A2800EA0C8D /* Network in Frameworks */,
				A9CD50B6305C08BD00EA0C8D /* DomainAuth in Frameworks */,
				A9D5537F30683A33003E21C7 /* featureMain in Frameworks */,
				A9CD50AC305C08A400EA0C8D /* DataAuth in Frameworks */,
			);
			runOnlyForDeploymentPostprocessing = 0;
		};
/* End PBXFrameworksBuildPhase section */

/* Begin PBXGroup section */
		A9CD4293305C06D500EA0C8D = {
			isa = PBXGroup;
			children = (
				A9CD429E305C06D500EA0C8D /* GithubViewer */,
				A9D53FDF30682478003E21C7 /* GithubViewer.app */,
			);
			sourceTree = "<group>";
		};
/* End PBXGroup section */

/* Begin PBXNativeTarget section */
		A9CD429B305C06D500EA0C8D /* GithubViewer */ = {
			isa = PBXNativeTarget;
			buildConfigurationList = A9CD42A7305C06D600EA0C8D /* Build configuration list for PBXNativeTarget "GithubViewer" */;
			buildPhases = (
				A9CD4298305C06D500EA0C8D /* Sources */,
				A9CD4299305C06D500EA0C8D /* Frameworks */,
				A9CD429A305C06D500EA0C8D /* Resources */,
			);
			buildRules = (
			);
			dependencies = (
			);
			fileSystemSynchronizedGroups = (
				A9CD429E305C06D500EA0C8D /* GithubViewer */,
			);
			name = GithubViewer;
			packageProductDependencies = (
				A9CD50AB305C08A400EA0C8D /* DataAuth */,
				A9CD50B5305C08BD00EA0C8D /* DomainAuth */,
				A9CD516C305C0A2800EA0C8D /* Network */,
				A9C59ECF305F0A84001FC9D6 /* FeatureLogin */,
				A9D54605306828ED003E21C7 /* Navigation */,
				A9D5537E30683A33003E21C7 /* featureMain */,
				A9D5543930683DB8003E21C7 /* Core */,
			);
			productName = GithubViewer;
			productReference = A9D53FDF30682478003E21C7 /* GithubViewer.app */;
			productType = "com.apple.product-type.application";
		};
/* End PBXNativeTarget section */

/* Begin PBXProject section */
		A9CD4294305C06D500EA0C8D /* Project object */ = {
			isa = PBXProject;
			attributes = {
				BuildIndependentTargetsInParallel = 1;
				LastSwiftUpdateCheck = 2640;
				LastUpgradeCheck = 2640;
				TargetAttributes = {
					A9CD429B305C06D500EA0C8D = {
						CreatedOnToolsVersion = 26.4.1;
					};
				};
			};
			buildConfigurationList = A9CD4297305C06D500EA0C8D /* Build configuration list for PBXProject "GithubViewer" */;
			developmentRegion = en;
			hasScannedForEncodings = 0;
			knownRegions = (
				en,
				Base,
			);
			mainGroup = A9CD4293305C06D500EA0C8D;
			minimizedProjectReferenceProxies = 1;
			packageReferences = (
				A9CD50AA305C08A400EA0C8D /* XCLocalSwiftPackageReference "data" */,
				A9CD50B4305C08BD00EA0C8D /* XCLocalSwiftPackageReference "domain" */,
				A9CD516B305C0A2800EA0C8D /* XCLocalSwiftPackageReference "network" */,
				A9C59ECE305F0A84001FC9D6 /* XCLocalSwiftPackageReference "featureLogin" */,
				A9D54604306828ED003E21C7 /* XCLocalSwiftPackageReference "navigation" */,
				A9D5537D30683A33003E21C7 /* XCLocalSwiftPackageReference "featureMain" */,
				A9D5543830683DB8003E21C7 /* XCLocalSwiftPackageReference "core" */,
			);
			preferredProjectObjectVersion = 77;
			productRefGroup = A9CD4293305C06D500EA0C8D;
			projectDirPath = "";
			projectRoot = "";
			targets = (
				A9CD429B305C06D500EA0C8D /* GithubViewer */,
			);
		};
/* End PBXProject section */

/* Begin PBXResourcesBuildPhase section */
		A9CD429A305C06D500EA0C8D /* Resources */ = {
			isa = PBXResourcesBuildPhase;
			buildActionMask = 2147483647;
			files = (
			);
			runOnlyForDeploymentPostprocessing = 0;
		};
/* End PBXResourcesBuildPhase section */

/* Begin PBXSourcesBuildPhase section */
		A9CD4298305C06D500EA0C8D /* Sources */ = {
			isa = PBXSourcesBuildPhase;
			buildActionMask = 2147483647;
			files = (
			);
			runOnlyForDeploymentPostprocessing = 0;
		};
/* End PBXSourcesBuildPhase section */

/* Begin XCBuildConfiguration section */
		A9CD42A5305C06D600EA0C8D /* Debug */ = {
			isa = XCBuildConfiguration;
			buildSettings = {
				ALWAYS_SEARCH_USER_PATHS = NO;
				ASSETCATALOG_COMPILER_GENERATE_SWIFT_ASSET_SYMBOL_EXTENSIONS = YES;
				CLANG_ANALYZER_NONNULL = YES;
				CLANG_ANALYZER_NUMBER_OBJECT_CONVERSION = YES_AGGRESSIVE;
				CLANG_CXX_LANGUAGE_STANDARD = "gnu++20";
				CLANG_ENABLE_MODULES = YES;
				CLANG_ENABLE_OBJC_ARC = YES;
				CLANG_ENABLE_OBJC_WEAK = YES;
				CLANG_WARN_BLOCK_CAPTURE_AUTORELEASING = YES;
				CLANG_WARN_BOOL_CONVERSION = YES;
				CLANG_WARN_COMMA = YES;
				CLANG_WARN_CONSTANT_CONVERSION = YES;
				CLANG_WARN_DEPRECATED_OBJC_IMPLEMENTATIONS = YES;
				CLANG_WARN_DIRECT_OBJC_ISA_USAGE = YES_ERROR;
				CLANG_WARN_DOCUMENTATION_COMMENTS = YES;
				CLANG_WARN_EMPTY_BODY = YES;
				CLANG_WARN_ENUM_CONVERSION = YES;
				CLANG_WARN_INFINITE_RECURSION = YES;
				CLANG_WARN_INT_CONVERSION = YES;
				CLANG_WARN_NON_LITERAL_NULL_CONVERSION = YES;
				CLANG_WARN_OBJC_IMPLICIT_RETAIN_SELF = YES;
				CLANG_WARN_OBJC_LITERAL_CONVERSION = YES;
				CLANG_WARN_OBJC_ROOT_CLASS = YES_ERROR;
				CLANG_WARN_QUOTED_INCLUDE_IN_FRAMEWORK_HEADER = YES;
				CLANG_WARN_RANGE_LOOP_ANALYSIS = YES;
				CLANG_WARN_STRICT_PROTOTYPES = YES;
				CLANG_WARN_SUSPICIOUS_MOVE = YES;
				CLANG_WARN_UNGUARDED_AVAILABILITY = YES_AGGRESSIVE;
				CLANG_WARN_UNREACHABLE_CODE = YES;
				CLANG_WARN__DUPLICATE_METHOD_MATCH = YES;
				COPY_PHASE_STRIP = NO;
				DEBUG_INFORMATION_FORMAT = dwarf;
				DEVELOPMENT_TEAM = 4MRFNGWK5T;
				ENABLE_STRICT_OBJC_MSGSEND = YES;
				ENABLE_TESTABILITY = YES;
				ENABLE_USER_SCRIPT_SANDBOXING = YES;
				GCC_C_LANGUAGE_STANDARD = gnu17;
				GCC_DYNAMIC_NO_PIC = NO;
				GCC_NO_COMMON_BLOCKS = YES;
				GCC_OPTIMIZATION_LEVEL = 0;
				GCC_PREPROCESSOR_DEFINITIONS = (
					"DEBUG=1",
					"$(inherited)",
				);
				GCC_WARN_64_TO_32_BIT_CONVERSION = YES;
				GCC_WARN_ABOUT_RETURN_TYPE = YES_ERROR;
				GCC_WARN_UNDECLARED_SELECTOR = YES;
				GCC_WARN_UNINITIALIZED_AUTOS = YES_AGGRESSIVE;
				GCC_WARN_UNUSED_FUNCTION = YES;
				GCC_WARN_UNUSED_VARIABLE = YES;
				IPHONEOS_DEPLOYMENT_TARGET = 26.4;
				LOCALIZATION_PREFERS_STRING_CATALOGS = YES;
				MTL_ENABLE_DEBUG_INFO = INCLUDE_SOURCE;
				MTL_FAST_MATH = YES;
				ONLY_ACTIVE_ARCH = YES;
				SDKROOT = iphoneos;
				SWIFT_ACTIVE_COMPILATION_CONDITIONS = "DEBUG $(inherited)";
				SWIFT_OPTIMIZATION_LEVEL = "-Onone";
			};
			name = Debug;
		};
		A9CD42A6305C06D600EA0C8D /* Release */ = {
			isa = XCBuildConfiguration;
			buildSettings = {
				ALWAYS_SEARCH_USER_PATHS = NO;
				ASSETCATALOG_COMPILER_GENERATE_SWIFT_ASSET_SYMBOL_EXTENSIONS = YES;
				CLANG_ANALYZER_NONNULL = YES;
				CLANG_ANALYZER_NUMBER_OBJECT_CONVERSION = YES_AGGRESSIVE;
				CLANG_CXX_LANGUAGE_STANDARD = "gnu++20";
				CLANG_ENABLE_MODULES = YES;
				CLANG_ENABLE_OBJC_ARC = YES;
				CLANG_ENABLE_OBJC_WEAK = YES;
				CLANG_WARN_BLOCK_CAPTURE_AUTORELEASING = YES;
				CLANG_WARN_BOOL_CONVERSION = YES;
				CLANG_WARN_COMMA = YES;
				CLANG_WARN_CONSTANT_CONVERSION = YES;
				CLANG_WARN_DEPRECATED_OBJC_IMPLEMENTATIONS = YES;
				CLANG_WARN_DIRECT_OBJC_ISA_USAGE = YES_ERROR;
				CLANG_WARN_DOCUMENTATION_COMMENTS = YES;
				CLANG_WARN_EMPTY_BODY = YES;
				CLANG_WARN_ENUM_CONVERSION = YES;
				CLANG_WARN_INFINITE_RECURSION = YES;
				CLANG_WARN_INT_CONVERSION = YES;
				CLANG_WARN_NON_LITERAL_NULL_CONVERSION = YES;
				CLANG_WARN_OBJC_IMPLICIT_RETAIN_SELF = YES;
				CLANG_WARN_OBJC_LITERAL_CONVERSION = YES;
				CLANG_WARN_OBJC_ROOT_CLASS = YES_ERROR;
				CLANG_WARN_QUOTED_INCLUDE_IN_FRAMEWORK_HEADER = YES;
				CLANG_WARN_RANGE_LOOP_ANALYSIS = YES;
				CLANG_WARN_STRICT_PROTOTYPES = YES;
				CLANG_WARN_SUSPICIOUS_MOVE = YES;
				CLANG_WARN_UNGUARDED_AVAILABILITY = YES_AGGRESSIVE;
				CLANG_WARN_UNREACHABLE_CODE = YES;
				CLANG_WARN__DUPLICATE_METHOD_MATCH = YES;
				COPY_PHASE_STRIP = NO;
				DEBUG_INFORMATION_FORMAT = "dwarf-with-dsym";
				DEVELOPMENT_TEAM = 4MRFNGWK5T;
				ENABLE_NS_ASSERTIONS = NO;
				ENABLE_STRICT_OBJC_MSGSEND = YES;
				ENABLE_USER_SCRIPT_SANDBOXING = YES;
				GCC_C_LANGUAGE_STANDARD = gnu17;
				GCC_NO_COMMON_BLOCKS = YES;
				GCC_WARN_64_TO_32_BIT_CONVERSION = YES;
				GCC_WARN_ABOUT_RETURN_TYPE = YES_ERROR;
				GCC_WARN_UNDECLARED_SELECTOR = YES;
				GCC_WARN_UNINITIALIZED_AUTOS = YES_AGGRESSIVE;
				GCC_WARN_UNUSED_FUNCTION = YES;
				GCC_WARN_UNUSED_VARIABLE = YES;
				IPHONEOS_DEPLOYMENT_TARGET = 26.4;
				LOCALIZATION_PREFERS_STRING_CATALOGS = YES;
				MTL_ENABLE_DEBUG_INFO = NO;
				MTL_FAST_MATH = YES;
				SDKROOT = iphoneos;
				SWIFT_COMPILATION_MODE = wholemodule;
				VALIDATE_PRODUCT = YES;
			};
			name = Release;
		};
		A9CD42A8305C06D600EA0C8D /* Debug */ = {
			isa = XCBuildConfiguration;
			buildSettings = {
				ASSETCATALOG_COMPILER_APPICON_NAME = AppIcon;
				ASSETCATALOG_COMPILER_GLOBAL_ACCENT_COLOR_NAME = AccentColor;
				CODE_SIGN_STYLE = Automatic;
				CURRENT_PROJECT_VERSION = 1;
				DEVELOPMENT_TEAM = 4MRFNGWK5T;
				ENABLE_PREVIEWS = YES;
				GENERATE_INFOPLIST_FILE = YES;
				INFOPLIST_KEY_UIApplicationSceneManifest_Generation = YES;
				INFOPLIST_KEY_UIApplicationSupportsIndirectInputEvents = YES;
				INFOPLIST_KEY_UILaunchScreen_Generation = YES;
				INFOPLIST_KEY_UISupportedInterfaceOrientations_iPad = "UIInterfaceOrientationPortrait UIInterfaceOrientationPortraitUpsideDown UIInterfaceOrientationLandscapeLeft UIInterfaceOrientationLandscapeRight";
				INFOPLIST_KEY_UISupportedInterfaceOrientations_iPhone = "UIInterfaceOrientationPortrait UIInterfaceOrientationLandscapeLeft UIInterfaceOrientationLandscapeRight";
				LD_RUNPATH_SEARCH_PATHS = (
					"$(inherited)",
					"@executable_path/Frameworks",
				);
				MARKETING_VERSION = 1.0;
				PRODUCT_BUNDLE_IDENTIFIER = com.danielyan.GithubViewer;
				PRODUCT_NAME = "$(TARGET_NAME)";
				STRING_CATALOG_GENERATE_SYMBOLS = YES;
				SWIFT_APPROACHABLE_CONCURRENCY = YES;
				SWIFT_DEFAULT_ACTOR_ISOLATION = MainActor;
				SWIFT_EMIT_LOC_STRINGS = YES;
				SWIFT_UPCOMING_FEATURE_MEMBER_IMPORT_VISIBILITY = YES;
				SWIFT_VERSION = 5.0;
				TARGETED_DEVICE_FAMILY = "1,2";
			};
			name = Debug;
		};
		A9CD42A9305C06D600EA0C8D /* Release */ = {
			isa = XCBuildConfiguration;
			buildSettings = {
				ASSETCATALOG_COMPILER_APPICON_NAME = AppIcon;
				ASSETCATALOG_COMPILER_GLOBAL_ACCENT_COLOR_NAME = AccentColor;
				CODE_SIGN_STYLE = Automatic;
				CURRENT_PROJECT_VERSION = 1;
				DEVELOPMENT_TEAM = 4MRFNGWK5T;
				ENABLE_PREVIEWS = YES;
				GENERATE_INFOPLIST_FILE = YES;
				INFOPLIST_KEY_UIApplicationSceneManifest_Generation = YES;
				INFOPLIST_KEY_UIApplicationSupportsIndirectInputEvents = YES;
				INFOPLIST_KEY_UILaunchScreen_Generation = YES;
				INFOPLIST_KEY_UISupportedInterfaceOrientations_iPad = "UIInterfaceOrientationPortrait UIInterfaceOrientationPortraitUpsideDown UIInterfaceOrientationLandscapeLeft UIInterfaceOrientationLandscapeRight";
				INFOPLIST_KEY_UISupportedInterfaceOrientations_iPhone = "UIInterfaceOrientationPortrait UIInterfaceOrientationLandscapeLeft UIInterfaceOrientationLandscapeRight";
				LD_RUNPATH_SEARCH_PATHS = (
					"$(inherited)",
					"@executable_path/Frameworks",
				);
				MARKETING_VERSION = 1.0;
				PRODUCT_BUNDLE_IDENTIFIER = com.danielyan.GithubViewer;
				PRODUCT_NAME = "$(TARGET_NAME)";
				STRING_CATALOG_GENERATE_SYMBOLS = YES;
				SWIFT_APPROACHABLE_CONCURRENCY = YES;
				SWIFT_DEFAULT_ACTOR_ISOLATION = MainActor;
				SWIFT_EMIT_LOC_STRINGS = YES;
				SWIFT_UPCOMING_FEATURE_MEMBER_IMPORT_VISIBILITY = YES;
				SWIFT_VERSION = 5.0;
				TARGETED_DEVICE_FAMILY = "1,2";
			};
			name = Release;
		};
/* End XCBuildConfiguration section */

/* Begin XCConfigurationList section */
		A9CD4297305C06D500EA0C8D /* Build configuration list for PBXProject "GithubViewer" */ = {
			isa = XCConfigurationList;
			buildConfigurations = (
				A9CD42A5305C06D600EA0C8D /* Debug */,
				A9CD42A6305C06D600EA0C8D /* Release */,
			);
			defaultConfigurationIsVisible = 0;
			defaultConfigurationName = Release;
		};
		A9CD42A7305C06D600EA0C8D /* Build configuration list for PBXNativeTarget "GithubViewer" */ = {
			isa = XCConfigurationList;
			buildConfigurations = (
				A9CD42A8305C06D600EA0C8D /* Debug */,
				A9CD42A9305C06D600EA0C8D /* Release */,
			);
			defaultConfigurationIsVisible = 0;
			defaultConfigurationName = Release;
		};
/* End XCConfigurationList section */

/* Begin XCLocalSwiftPackageReference section */
		A9C59ECE305F0A84001FC9D6 /* XCLocalSwiftPackageReference "featureLogin" */ = {
			isa = XCLocalSwiftPackageReference;
			relativePath = featureLogin;
		};
		A9CD50AA305C08A400EA0C8D /* XCLocalSwiftPackageReference "data" */ = {
			isa = XCLocalSwiftPackageReference;
			relativePath = data;
		};
		A9CD50B4305C08BD00EA0C8D /* XCLocalSwiftPackageReference "domain" */ = {
			isa = XCLocalSwiftPackageReference;
			relativePath = domain;
		};
		A9CD516B305C0A2800EA0C8D /* XCLocalSwiftPackageReference "network" */ = {
			isa = XCLocalSwiftPackageReference;
			relativePath = network;
		};
		A9D54604306828ED003E21C7 /* XCLocalSwiftPackageReference "navigation" */ = {
			isa = XCLocalSwiftPackageReference;
			relativePath = navigation;
		};
		A9D5537D30683A33003E21C7 /* XCLocalSwiftPackageReference "featureMain" */ = {
			isa = XCLocalSwiftPackageReference;
			relativePath = featureMain;
		};
		A9D5543830683DB8003E21C7 /* XCLocalSwiftPackageReference "core" */ = {
			isa = XCLocalSwiftPackageReference;
			relativePath = core;
		};
/* End XCLocalSwiftPackageReference section */

/* Begin XCSwiftPackageProductDependency section */
		A9C59ECF305F0A84001FC9D6 /* FeatureLogin */ = {
			isa = XCSwiftPackageProductDependency;
			productName = FeatureLogin;
		};
		A9CD50AB305C08A400EA0C8D /* DataAuth */ = {
			isa = XCSwiftPackageProductDependency;
			productName = DataAuth;
		};
		A9CD50B5305C08BD00EA0C8D /* DomainAuth */ = {
			isa = XCSwiftPackageProductDependency;
			productName = DomainAuth;
		};
		A9CD516C305C0A2800EA0C8D /* Network */ = {
			isa = XCSwiftPackageProductDependency;
			productName = Network;
		};
		A9D54605306828ED003E21C7 /* Navigation */ = {
			isa = XCSwiftPackageProductDependency;
			productName = Navigation;
		};
		A9D5537E30683A33003E21C7 /* featureMain */ = {
			isa = XCSwiftPackageProductDependency;
			productName = featureMain;
		};
		A9D5543930683DB8003E21C7 /* Core */ = {
			isa = XCSwiftPackageProductDependency;
			productName = Core;
		};
/* End XCSwiftPackageProductDependency section */
	};
	rootObject = A9CD4294305C06D500EA0C8D /* Project object */;
}
